
Microsoft Visual Studio Solution File, Format Version 12.00
# Visual Studio Version 17
VisualStudioVersion = 17.4.33213.308
MinimumVisualStudioVersion = 10.0.40219.1
Project("{FAE04EC0-301F-11D3-BF4B-00C04F79EFBC}") = "proyecto.Android", "proyecto\proyecto.Android\proyecto.Android.csproj", "{F5655FB5-BAA6-41EE-9DA1-85619EDAD3A1}"
EndProject
Project("{FAE04EC0-301F-11D3-BF4B-00C04F79EFBC}") = "proyecto.iOS", "proyecto\proyecto.iOS\proyecto.iOS.csproj", "{C81D4933-DCA0-4DA0-BB54-01AC3AEA2B2A}"
EndProject
Project("{FAE04EC0-301F-11D3-BF4B-00C04F79EFBC}") = "proyecto", "proyecto\proyecto\proyecto.csproj", "{872E4156-32B8-4C9E-B554-0803FD6D0932}"
EndProject
Global
	GlobalSection(SolutionConfigurationPlatforms) = preSolution
		Debug|Any CPU = Debug|Any CPU
		Debug|iPhone = Debug|iPhone
		Debug|iPhoneSimulator = Debug|iPhoneSimulator
		Release|Any CPU = Release|Any CPU
		Release|iPhone = Release|iPhone
		Release|iPhoneSimulator = Release|iPhoneSimulator
	EndGlobalSection
	GlobalSection(ProjectConfigurationPlatforms) = postSolution
		{F5655FB5-BAA6-41EE-9DA1-85619EDAD3A1}.Debug|Any CPU.ActiveCfg = Debug|Any CPU
		{F5655FB5-BAA6-41EE-9DA1-85619EDAD3A1}.Debug|Any CPU.Build.0 = Debug|Any CPU
		{F5655FB5-BAA6-41EE-9DA1-85619EDAD3A1}.Debug|Any CPU.Deploy.0 = Debug|Any CPU
		{F5655FB5-BAA6-41EE-9DA1-85619EDAD3A1}.Debug|iPhone.ActiveCfg = Debug|Any CPU
		{F5655FB5-BAA6-41EE-9DA1-85619EDAD3A1}.Debug|iPhone.Build.0 = Debug|Any CPU
		{F5655FB5-BAA6-41EE-9DA1-85619EDAD3A1}.Debug|iPhone.Deploy.0 = Debug|Any CPU
		{F5655FB5-BAA6-41EE-9DA1-85619EDAD3A1}.Debug|iPhoneSimulator.ActiveCfg = Debug|Any CPU
		{F5655FB5-BAA6-41EE-9DA1-85619EDAD3A1}.Debug|iPhoneSimulator.Build.0 = Debug|Any CPU
		{F5655FB5-BAA6-41EE-9DA1-85619EDAD3A1}.Debug|iPhoneSimulator.Deploy.0 = Debug|Any CPU
		{F5655FB5-BAA6-41EE-9DA1-85619EDAD3A1}.Release|Any CPU.ActiveCfg = Release|Any CPU
		{F5655FB5-BAA6-41EE-9DA1-85619EDAD3A1}.Release|Any CPU.Build.0 = Release|Any CPU
		{F5655FB5-BAA6-41EE-9DA1-85619EDAD3A1}.Release|Any CPU.Deploy.0 = Release|Any CPU
		{F5655FB5-BAA6-41EE-9DA1-85619EDAD3A1}.Release|iPhone.ActiveCfg = Release|Any CPU
		{F5655FB5-BAA6-41EE-9DA1-85619EDAD3A1}.Release|iPhone.Build.0 = Release|Any CPU
		{F5655FB5-BAA6-41EE-9DA1-85619EDAD3A1}.Release|iPhone.Deploy.0 = Release|Any CPU
		{F5655FB5-BAA6-41EE-9DA1-85619EDAD3A1}.Release|iPhoneSimulator.ActiveCfg = Release|Any CPU
		{F5655FB5-BAA6-41EE-9DA1-85619EDAD3A1}.Release|iPhoneSimulator.Build.0 = Release|Any CPU
		{F5655FB5-BAA6-41EE-9DA1-85619EDAD3A1}.Release|iPhoneSimulator.Deploy.0 = Release|Any CPU
		{C81D4933-DCA0-4DA0-BB54-01AC3AEA2B2A}.Debug|Any CPU.ActiveCfg = Debug|iPhone
		{C81D4933-DCA0-4DA0-BB54-01AC3AEA2B2A}.Debug|Any CPU.Build.0 = Debug|iPhone
		{C81D4933-DCA0-4DA0-BB54-01AC3AEA2B2A}.Debug|Any CPU.Deploy.0 = Debug|iPhone
		{C81D4933-DCA0-4DA0-BB54-01AC3AEA2B2A}.Debug|iPhone.ActiveCfg = Debug|iPhone
		{C81D4933-DCA0-4DA0-BB54-01AC3AEA2B2A}.Debug|iPhone.Build.0 = Debug|iPhone
		{C81D4933-DCA0-4DA0-BB54-01AC3AEA2B2A}.Debug|iPhone.Deploy.0 = Debug|iPhone
		{C81D4933-DCA0-4DA0-BB54-01AC3AEA2B2A}.Debug|iPhoneSimulator.ActiveCfg = Debug|iPhoneSimulator
		{C81D4933-DCA0-4DA0-BB54-01AC3AEA2B2A}.Debug|iPhoneSimulator.Build.0 = Debug|iPhoneSimulator
		{C81D4933-DCA0-4DA0-BB54-01AC3AEA2B2A}.Debug|iPhoneSimulator.Deploy.0 = Debug|iPhoneSimulator
		{C81D4933-DCA0-4DA0-BB54-01AC3AEA2B2A}.Release|Any CPU.ActiveCfg = Release|iPhoneSimulator
		{C81D4933-DCA0-4DA0-BB54-01AC3AEA2B2A}.Release|Any CPU.Build.0 = Release|iPhoneSimulator
		{C81D4933-DCA0-4DA0-BB54-01AC3AEA2B2A}.Release|Any CPU.Deploy.0 = Release|iPhoneSimulator
		{C81D4933-DCA0-4DA0-BB54-01AC3AEA2B2A}.Release|iPhone.ActiveCfg = Release|iPhone
		{C81D4933-DCA0-4DA0-BB54-01AC3AEA2B2A}.Release|iPhone.Build.0 = Release|iPhone
		{C81D4933-DCA0-4DA0-BB54-01AC3AEA2B2A}.Release|iPhone.Deploy.0 = Release|iPhone
		{C81D4933-DCA0-4DA0-BB54-01AC3AEA2B2A}.Release|iPhoneSimulator.ActiveCfg = Release|iPhoneSimulator
		{C81D4933-DCA0-4DA0-BB54-01AC3AEA2B2A}.Release|iPhoneSimulator.Build.0 = Release|iPhoneSimulator
		{C81D4933-DCA0-4DA0-BB54-01AC3AEA2B2A}.Release|iPhoneSimulator.Deploy.0 = Release|iPhoneSimulator
		{872E4156-32B8-4C9E-B554-0803FD6D0932}.Debug|Any CPU.ActiveCfg = Debug|Any CPU
		{872E4156-32B8-4C9E-B554-0803FD6D0932}.Debug|Any CPU.Build.0 = Debug|Any CPU
		{872E4156-32B8-4C9E-B554-0803FD6D0932}.Debug|Any CPU.Deploy.0 = Debug|Any CPU
		{872E4156-32B8-4C9E-B554-0803FD6D0932}.Debug|iPhone.ActiveCfg = Debug|Any CPU
		{872E4156-32B8-4C9E-B554-0803FD6D0932}.Debug|iPhone.Build.0 = Debug|Any CPU
		{872E4156-32B8-4C9E-B554-0803FD6D0932}.Debug|iPhone.Deploy.0 = Debug|Any CPU
		{872E4156-32B8-4C9E-B554-0803FD6D0932}.Debug|iPhoneSimulator.ActiveCfg = Debug|Any CPU
		{872E4156-32B8-4C9E-B554-0803FD6D0932}.Debug|iPhoneSimulator.Build.0 = Debug|Any CPU
		{872E4156-32B8-4C9E-B554-0803FD6D0932}.Debug|iPhoneSimulator.Deploy.0 = Debug|Any CPU
		{872E4156-32B8-4C9E-B554-0803FD6D0932}.Release|Any CPU.ActiveCfg = Release|Any CPU
		{872E4156-32B8-4C9E-B554-0803FD6D0932}.Release|Any CPU.Build.0 = Release|Any CPU
		{872E4156-32B8-4C9E-B554-0803FD6D0932}.Release|Any CPU.Deploy.0 = Release|Any CPU
		{872E4156-32B8-4C9E-B554-0803FD6D0932}.Release|iPhone.ActiveCfg = Release|Any CPU
		{872E4156-32B8-4C9E-B554-0803FD6D0932}.Release|iPhone.Build.0 = Release|Any CPU
		{872E4156-32B8-4C9E-B554-0803FD6D0932}.Release|iPhone.Deploy.0 = Release|Any CPU
		{872E4156-32B8-4C9E-B554-0803FD6D0932}.Release|iPhoneSimulator.ActiveCfg = Release|Any CPU
		{872E4156-32B8-4C9E-B554-0803FD6D0932}.Release|iPhoneSimulator.Build.0 = Release|Any CPU
		{872E4156-32B8-4C9E-B554-0803FD6D0932}.Release|iPhoneSimulator.Deploy.0 = Release|Any CPU
	EndGlobalSection
	GlobalSection(SolutionProperties) = preSolution
		HideSolutionNode = FALSE
	EndGlobalSection
	GlobalSection(ExtensibilityGlobals) = postSolution
		SolutionGuid = {6908D832-3296-48CB-8CC2-3C9357CF2959}
	EndGlobalSection
EndGlobal
